
Microsoft Visual Studio Solution File, Format Version 12.00
# Visual Studio Version 17
VisualStudioVersion = 17.4.33205.214
MinimumVisualStudioVersion = 10.0.40219.1
Project("{FAE04EC0-301F-11D3-BF4B-00C04F79EFBC}") = "ApiScrapping", "ApiScrapping\ApiScrapping.csproj", "{F4301EEA-93F7-4B10-9075-8E512B11DF4E}"
EndProject
Global
	GlobalSection(SolutionConfigurationPlatforms) = preSolution
		Debug|Any CPU = Debug|Any CPU
		Release|Any CPU = Release|Any CPU
	EndGlobalSection
	GlobalSection(ProjectConfigurationPlatforms) = postSolution
		{F4301EEA-93F7-4B10-9075-8E512B11DF4E}.Debug|Any CPU.ActiveCfg = Debug|Any CPU
		{F4301EEA-93F7-4B10-9075-8E512B11DF4E}.Debug|Any CPU.Build.0 = Debug|Any CPU
		{F4301EEA-93F7-4B10-9075-8E512B11DF4E}.Release|Any CPU.ActiveCfg = Release|Any CPU
		{F4301EEA-93F7-4B10-9075-8E512B11DF4E}.Release|Any CPU.Build.0 = Release|Any CPU
	EndGlobalSection
	GlobalSection(SolutionProperties) = preSolution
		HideSolutionNode = FALSE
	EndGlobalSection
	GlobalSection(ExtensibilityGlobals) = postSolution
		SolutionGuid = {E3B10F27-45AF-4299-9F0D-FD112E5E58E8}
	EndGlobalSection
EndGlobal
